
Microsoft Visual Studio Solution File, Format Version 12.00
# Visual Studio Version 17
VisualStudioVersion = 17.0.31912.275
MinimumVisualStudioVersion = 10.0.40219.1
Project("{9A19103F-16F7-4668-BE54-9A1E7A4F7556}") = "SifatSavdo.App", "SifatSavdo.App\SifatSavdo.App.csproj", "{4369A0E8-7E10-4081-9594-BA3C1A2A4E97}"
EndProject
Project("{9A19103F-16F7-4668-BE54-9A1E7A4F7556}") = "SifatSavdo.Data", "SifatSavdo.Data\SifatSavdo.Data.csproj", "{3FE329AB-35EE-4557-B2CD-A6C16A6B70AF}"
EndProject
Project("{9A19103F-16F7-4668-BE54-9A1E7A4F7556}") = "SifatSavdo.Domain", "SifatSavdo.Domain\SifatSavdo.Domain.csproj", "{A3190129-4482-496F-A14C-BECA604FA2E4}"
EndProject
Project("{9A19103F-16F7-4668-BE54-9A1E7A4F7556}") = "SifatSavdo.Service", "SifatSavdo.Service\SifatSavdo.Service.csproj", "{A59FF7A7-A5A0-4C6F-B149-7A9A89DB9EC5}"
EndProject
Project("{FAE04EC0-301F-11D3-BF4B-00C04F79EFBC}") = "SifatSavdo.Api", "SifatSavdo.Api\SifatSavdo.Api.csproj", "{8585283E-986B-4AA2-AD46-DD6F8C03E04C}"
EndProject
Global
	GlobalSection(SolutionConfigurationPlatforms) = preSolution
		Debug|Any CPU = Debug|Any CPU
		Release|Any CPU = Release|Any CPU
	EndGlobalSection
	GlobalSection(ProjectConfigurationPlatforms) = postSolution
		{4369A0E8-7E10-4081-9594-BA3C1A2A4E97}.Debug|Any CPU.ActiveCfg = Debug|Any CPU
		{4369A0E8-7E10-4081-9594-BA3C1A2A4E97}.Debug|Any CPU.Build.0 = Debug|Any CPU
		{4369A0E8-7E10-4081-9594-BA3C1A2A4E97}.Release|Any CPU.ActiveCfg = Release|Any CPU
		{4369A0E8-7E10-4081-9594-BA3C1A2A4E97}.Release|Any CPU.Build.0 = Release|Any CPU
		{3FE329AB-35EE-4557-B2CD-A6C16A6B70AF}.Debug|Any CPU.ActiveCfg = Debug|Any CPU
		{3FE329AB-35EE-4557-B2CD-A6C16A6B70AF}.Debug|Any CPU.Build.0 = Debug|Any CPU
		{3FE329AB-35EE-4557-B2CD-A6C16A6B70AF}.Release|Any CPU.ActiveCfg = Release|Any CPU
		{3FE329AB-35EE-4557-B2CD-A6C16A6B70AF}.Release|Any CPU.Build.0 = Release|Any CPU
		{A3190129-4482-496F-A14C-BECA604FA2E4}.Debug|Any CPU.ActiveCfg = Debug|Any CPU
		{A3190129-4482-496F-A14C-BECA604FA2E4}.Debug|Any CPU.Build.0 = Debug|Any CPU
		{A3190129-4482-496F-A14C-BECA604FA2E4}.Release|Any CPU.ActiveCfg = Release|Any CPU
		{A3190129-4482-496F-A14C-BECA604FA2E4}.Release|Any CPU.Build.0 = Release|Any CPU
		{A59FF7A7-A5A0-4C6F-B149-7A9A89DB9EC5}.Debug|Any CPU.ActiveCfg = Debug|Any CPU
		{A59FF7A7-A5A0-4C6F-B149-7A9A89DB9EC5}.Debug|Any CPU.Build.0 = Debug|Any CPU
		{A59FF7A7-A5A0-4C6F-B149-7A9A89DB9EC5}.Release|Any CPU.ActiveCfg = Release|Any CPU
		{A59FF7A7-A5A0-4C6F-B149-7A9A89DB9EC5}.Release|Any CPU.Build.0 = Release|Any CPU
		{8585283E-986B-4AA2-AD46-DD6F8C03E04C}.Debug|Any CPU.ActiveCfg = Debug|Any CPU
		{8585283E-986B-4AA2-AD46-DD6F8C03E04C}.Debug|Any CPU.Build.0 = Debug|Any CPU
		{8585283E-986B-4AA2-AD46-DD6F8C03E04C}.Release|Any CPU.ActiveCfg = Release|Any CPU
		{8585283E-986B-4AA2-AD46-DD6F8C03E04C}.Release|Any CPU.Build.0 = Release|Any CPU
	EndGlobalSection
	GlobalSection(SolutionProperties) = preSolution
		HideSolutionNode = FALSE
	EndGlobalSection
	GlobalSection(ExtensibilityGlobals) = postSolution
		SolutionGuid = {B68FAEE4-0D2A-4004-AF3A-27D2962E984B}
	EndGlobalSection
EndGlobal
